
Microsoft Visual Studio Solution File, Format Version 12.00
# Visual Studio Version 16
VisualStudioVersion = 16.0.32802.440
MinimumVisualStudioVersion = 10.0.40219.1
Project("{FAE04EC0-301F-11D3-BF4B-00C04F79EFBC}") = "Ex1", "Ex1\Ex1.csproj", "{8A54B141-5F1A-43A7-A033-67627A4C66C6}"
EndProject
Project("{FAE04EC0-301F-11D3-BF4B-00C04F79EFBC}") = "Ex2", "Ex2\Ex2.csproj", "{9787A372-21BC-4D87-AF9A-021DCAE9B83C}"
EndProject
Project("{FAE04EC0-301F-11D3-BF4B-00C04F79EFBC}") = "Ex3", "Ex3\Ex3.csproj", "{86EA48AC-6E8F-4A9D-BFA0-691BF05A879E}"
EndProject
Project("{FAE04EC0-301F-11D3-BF4B-00C04F79EFBC}") = "Ex4", "Ex4\Ex4.csproj", "{12838C64-2206-4BE3-9ADB-4130DC2CAFDE}"
EndProject
Global
	GlobalSection(SolutionConfigurationPlatforms) = preSolution
		Debug|Any CPU = Debug|Any CPU
		Release|Any CPU = Release|Any CPU
	EndGlobalSection
	GlobalSection(ProjectConfigurationPlatforms) = postSolution
		{8A54B141-5F1A-43A7-A033-67627A4C66C6}.Debug|Any CPU.ActiveCfg = Debug|Any CPU
		{8A54B141-5F1A-43A7-A033-67627A4C66C6}.Debug|Any CPU.Build.0 = Debug|Any CPU
		{8A54B141-5F1A-43A7-A033-67627A4C66C6}.Release|Any CPU.ActiveCfg = Release|Any CPU
		{8A54B141-5F1A-43A7-A033-67627A4C66C6}.Release|Any CPU.Build.0 = Release|Any CPU
		{9787A372-21BC-4D87-AF9A-021DCAE9B83C}.Debug|Any CPU.ActiveCfg = Debug|Any CPU
		{9787A372-21BC-4D87-AF9A-021DCAE9B83C}.Debug|Any CPU.Build.0 = Debug|Any CPU
		{9787A372-21BC-4D87-AF9A-021DCAE9B83C}.Release|Any CPU.ActiveCfg = Release|Any CPU
		{9787A372-21BC-4D87-AF9A-021DCAE9B83C}.Release|Any CPU.Build.0 = Release|Any CPU
		{86EA48AC-6E8F-4A9D-BFA0-691BF05A879E}.Debug|Any CPU.ActiveCfg = Debug|Any CPU
		{86EA48AC-6E8F-4A9D-BFA0-691BF05A879E}.Debug|Any CPU.Build.0 = Debug|Any CPU
		{86EA48AC-6E8F-4A9D-BFA0-691BF05A879E}.Release|Any CPU.ActiveCfg = Release|Any CPU
		{86EA48AC-6E8F-4A9D-BFA0-691BF05A879E}.Release|Any CPU.Build.0 = Release|Any CPU
		{12838C64-2206-4BE3-9ADB-4130DC2CAFDE}.Debug|Any CPU.ActiveCfg = Debug|Any CPU
		{12838C64-2206-4BE3-9ADB-4130DC2CAFDE}.Debug|Any CPU.Build.0 = Debug|Any CPU
		{12838C64-2206-4BE3-9ADB-4130DC2CAFDE}.Release|Any CPU.ActiveCfg = Release|Any CPU
		{12838C64-2206-4BE3-9ADB-4130DC2CAFDE}.Release|Any CPU.Build.0 = Release|Any CPU
	EndGlobalSection
	GlobalSection(SolutionProperties) = preSolution
		HideSolutionNode = FALSE
	EndGlobalSection
	GlobalSection(ExtensibilityGlobals) = postSolution
		SolutionGuid = {C40D29FD-F50C-4F64-98D0-FF5D2F40D205}
	EndGlobalSection
EndGlobal
