
Microsoft Visual Studio Solution File, Format Version 12.00
# Visual Studio Version 16
VisualStudioVersion = 16.0.32802.440
MinimumVisualStudioVersion = 10.0.40219.1
Project("{FAE04EC0-301F-11D3-BF4B-00C04F79EFBC}") = "Add1", "Add1\Add1.csproj", "{284D78F3-0D7C-42A1-BA16-5A942AD7FAAE}"
EndProject
Global
	GlobalSection(SolutionConfigurationPlatforms) = preSolution
		Debug|Any CPU = Debug|Any CPU
		Release|Any CPU = Release|Any CPU
	EndGlobalSection
	GlobalSection(ProjectConfigurationPlatforms) = postSolution
		{284D78F3-0D7C-42A1-BA16-5A942AD7FAAE}.Debug|Any CPU.ActiveCfg = Debug|Any CPU
		{284D78F3-0D7C-42A1-BA16-5A942AD7FAAE}.Debug|Any CPU.Build.0 = Debug|Any CPU
		{284D78F3-0D7C-42A1-BA16-5A942AD7FAAE}.Release|Any CPU.ActiveCfg = Release|Any CPU
		{284D78F3-0D7C-42A1-BA16-5A942AD7FAAE}.Release|Any CPU.Build.0 = Release|Any CPU
	EndGlobalSection
	GlobalSection(SolutionProperties) = preSolution
		HideSolutionNode = FALSE
	EndGlobalSection
	GlobalSection(ExtensibilityGlobals) = postSolution
		SolutionGuid = {EF36D25F-E43E-4CF3-A351-2B74FEF40765}
	EndGlobalSection
EndGlobal
