
Microsoft Visual Studio Solution File, Format Version 12.00
# Visual Studio Version 16
VisualStudioVersion = 16.0.32802.440
MinimumVisualStudioVersion = 10.0.40219.1
Project("{FAE04EC0-301F-11D3-BF4B-00C04F79EFBC}") = "Ex1", "Ex1\Ex1.csproj", "{A1FCAD4B-DF9D-4CCA-9D37-CA1EE04999A6}"
EndProject
Project("{FAE04EC0-301F-11D3-BF4B-00C04F79EFBC}") = "Ex2", "Ex2\Ex2.csproj", "{E8A10BBF-7360-4EA7-96DA-9FD825931565}"
EndProject
Project("{FAE04EC0-301F-11D3-BF4B-00C04F79EFBC}") = "Ex3", "Ex3\Ex3.csproj", "{53EE6D78-2230-4D1A-9F93-40D18107AD97}"
EndProject
Project("{FAE04EC0-301F-11D3-BF4B-00C04F79EFBC}") = "Ex4", "Ex4\Ex4.csproj", "{FCF67FED-48FB-4451-BD0D-8FD22884C5FD}"
EndProject
Global
	GlobalSection(SolutionConfigurationPlatforms) = preSolution
		Debug|Any CPU = Debug|Any CPU
		Release|Any CPU = Release|Any CPU
	EndGlobalSection
	GlobalSection(ProjectConfigurationPlatforms) = postSolution
		{A1FCAD4B-DF9D-4CCA-9D37-CA1EE04999A6}.Debug|Any CPU.ActiveCfg = Debug|Any CPU
		{A1FCAD4B-DF9D-4CCA-9D37-CA1EE04999A6}.Debug|Any CPU.Build.0 = Debug|Any CPU
		{A1FCAD4B-DF9D-4CCA-9D37-CA1EE04999A6}.Release|Any CPU.ActiveCfg = Release|Any CPU
		{A1FCAD4B-DF9D-4CCA-9D37-CA1EE04999A6}.Release|Any CPU.Build.0 = Release|Any CPU
		{E8A10BBF-7360-4EA7-96DA-9FD825931565}.Debug|Any CPU.ActiveCfg = Debug|Any CPU
		{E8A10BBF-7360-4EA7-96DA-9FD825931565}.Debug|Any CPU.Build.0 = Debug|Any CPU
		{E8A10BBF-7360-4EA7-96DA-9FD825931565}.Release|Any CPU.ActiveCfg = Release|Any CPU
		{E8A10BBF-7360-4EA7-96DA-9FD825931565}.Release|Any CPU.Build.0 = Release|Any CPU
		{53EE6D78-2230-4D1A-9F93-40D18107AD97}.Debug|Any CPU.ActiveCfg = Debug|Any CPU
		{53EE6D78-2230-4D1A-9F93-40D18107AD97}.Debug|Any CPU.Build.0 = Debug|Any CPU
		{53EE6D78-2230-4D1A-9F93-40D18107AD97}.Release|Any CPU.ActiveCfg = Release|Any CPU
		{53EE6D78-2230-4D1A-9F93-40D18107AD97}.Release|Any CPU.Build.0 = Release|Any CPU
		{FCF67FED-48FB-4451-BD0D-8FD22884C5FD}.Debug|Any CPU.ActiveCfg = Debug|Any CPU
		{FCF67FED-48FB-4451-BD0D-8FD22884C5FD}.Debug|Any CPU.Build.0 = Debug|Any CPU
		{FCF67FED-48FB-4451-BD0D-8FD22884C5FD}.Release|Any CPU.ActiveCfg = Release|Any CPU
		{FCF67FED-48FB-4451-BD0D-8FD22884C5FD}.Release|Any CPU.Build.0 = Release|Any CPU
	EndGlobalSection
	GlobalSection(SolutionProperties) = preSolution
		HideSolutionNode = FALSE
	EndGlobalSection
	GlobalSection(ExtensibilityGlobals) = postSolution
		SolutionGuid = {02BC556A-23F5-4376-BFC6-EF71B9C24288}
	EndGlobalSection
EndGlobal
